
Microsoft Visual Studio Solution File, Format Version 12.00
# Visual Studio Version 17
VisualStudioVersion = 17.7.34221.43
MinimumVisualStudioVersion = 10.0.40219.1
Project("{9A19103F-16F7-4668-BE54-9A1E7A4F7556}") = "GameEngine", "GameEngine\GameEngine.csproj", "{F0FEDCE4-76D4-4F74-97C4-353E29F446E2}"
EndProject
Project("{9A19103F-16F7-4668-BE54-9A1E7A4F7556}") = "PhysicsEngine", "PhysicsEngine\PhysicsEngine.csproj", "{A23FD484-67A2-496D-9270-A0B6CA88E37B}"
EndProject
Project("{9A19103F-16F7-4668-BE54-9A1E7A4F7556}") = "GameEngine.Core", "GameEngine.Core\GameEngine.Core.csproj", "{A282BD53-C7AF-4FC2-B1F5-D0E4267547DB}"
EndProject
Project("{9A19103F-16F7-4668-BE54-9A1E7A4F7556}") = "SoundEngine", "SoundEngine\SoundEngine.csproj", "{E1F101BF-E908-4712-85E3-100191AA7D3A}"
EndProject
Project("{9A19103F-16F7-4668-BE54-9A1E7A4F7556}") = "GraphicsEngine", "GraphicsEngine\GraphicsEngine.csproj", "{D0E7C76A-82E6-41CA-BE32-0ED249B02DF7}"
EndProject
Project("{9A19103F-16F7-4668-BE54-9A1E7A4F7556}") = "InputEngine", "InputEngine\InputEngine.csproj", "{08636EAC-2C4B-474E-9410-3F714A1B047E}"
EndProject
Project("{2150E333-8FDC-42A3-9474-1A3956D46DE8}") = "Samples", "Samples", "{23DA426A-B2C4-4D0B-A38C-9F5E842808D1}"
EndProject
Project("{9A19103F-16F7-4668-BE54-9A1E7A4F7556}") = "BoxColliderSample", "BoxColliderSample\BoxColliderSample.csproj", "{B2647F45-0B36-420B-909E-699059193FAD}"
EndProject
Project("{9A19103F-16F7-4668-BE54-9A1E7A4F7556}") = "SampleResources", "SampleResources\SampleResources.csproj", "{887FCE5E-0176-4EA3-A6E7-6B3128949F38}"
EndProject
Project("{9A19103F-16F7-4668-BE54-9A1E7A4F7556}") = "SampleFont", "SampleFont\SampleFont.csproj", "{40999001-EB29-4C2A-8DF8-AE0B3C4C4560}"
EndProject
Global
	GlobalSection(SolutionConfigurationPlatforms) = preSolution
		Debug|Any CPU = Debug|Any CPU
		Release|Any CPU = Release|Any CPU
	EndGlobalSection
	GlobalSection(ProjectConfigurationPlatforms) = postSolution
		{F0FEDCE4-76D4-4F74-97C4-353E29F446E2}.Debug|Any CPU.ActiveCfg = Debug|Any CPU
		{F0FEDCE4-76D4-4F74-97C4-353E29F446E2}.Debug|Any CPU.Build.0 = Debug|Any CPU
		{F0FEDCE4-76D4-4F74-97C4-353E29F446E2}.Release|Any CPU.ActiveCfg = Release|Any CPU
		{F0FEDCE4-76D4-4F74-97C4-353E29F446E2}.Release|Any CPU.Build.0 = Release|Any CPU
		{A23FD484-67A2-496D-9270-A0B6CA88E37B}.Debug|Any CPU.ActiveCfg = Debug|Any CPU
		{A23FD484-67A2-496D-9270-A0B6CA88E37B}.Debug|Any CPU.Build.0 = Debug|Any CPU
		{A23FD484-67A2-496D-9270-A0B6CA88E37B}.Release|Any CPU.ActiveCfg = Release|Any CPU
		{A23FD484-67A2-496D-9270-A0B6CA88E37B}.Release|Any CPU.Build.0 = Release|Any CPU
		{A282BD53-C7AF-4FC2-B1F5-D0E4267547DB}.Debug|Any CPU.ActiveCfg = Debug|Any CPU
		{A282BD53-C7AF-4FC2-B1F5-D0E4267547DB}.Debug|Any CPU.Build.0 = Debug|Any CPU
		{A282BD53-C7AF-4FC2-B1F5-D0E4267547DB}.Release|Any CPU.ActiveCfg = Release|Any CPU
		{A282BD53-C7AF-4FC2-B1F5-D0E4267547DB}.Release|Any CPU.Build.0 = Release|Any CPU
		{E1F101BF-E908-4712-85E3-100191AA7D3A}.Debug|Any CPU.ActiveCfg = Debug|Any CPU
		{E1F101BF-E908-4712-85E3-100191AA7D3A}.Debug|Any CPU.Build.0 = Debug|Any CPU
		{E1F101BF-E908-4712-85E3-100191AA7D3A}.Release|Any CPU.ActiveCfg = Release|Any CPU
		{E1F101BF-E908-4712-85E3-100191AA7D3A}.Release|Any CPU.Build.0 = Release|Any CPU
		{D0E7C76A-82E6-41CA-BE32-0ED249B02DF7}.Debug|Any CPU.ActiveCfg = Debug|Any CPU
		{D0E7C76A-82E6-41CA-BE32-0ED249B02DF7}.Debug|Any CPU.Build.0 = Debug|Any CPU
		{D0E7C76A-82E6-41CA-BE32-0ED249B02DF7}.Release|Any CPU.ActiveCfg = Release|Any CPU
		{D0E7C76A-82E6-41CA-BE32-0ED249B02DF7}.Release|Any CPU.Build.0 = Release|Any CPU
		{08636EAC-2C4B-474E-9410-3F714A1B047E}.Debug|Any CPU.ActiveCfg = Debug|Any CPU
		{08636EAC-2C4B-474E-9410-3F714A1B047E}.Debug|Any CPU.Build.0 = Debug|Any CPU
		{08636EAC-2C4B-474E-9410-3F714A1B047E}.Release|Any CPU.ActiveCfg = Release|Any CPU
		{08636EAC-2C4B-474E-9410-3F714A1B047E}.Release|Any CPU.Build.0 = Release|Any CPU
		{B2647F45-0B36-420B-909E-699059193FAD}.Debug|Any CPU.ActiveCfg = Debug|Any CPU
		{B2647F45-0B36-420B-909E-699059193FAD}.Debug|Any CPU.Build.0 = Debug|Any CPU
		{B2647F45-0B36-420B-909E-699059193FAD}.Release|Any CPU.ActiveCfg = Release|Any CPU
		{B2647F45-0B36-420B-909E-699059193FAD}.Release|Any CPU.Build.0 = Release|Any CPU
		{887FCE5E-0176-4EA3-A6E7-6B3128949F38}.Debug|Any CPU.ActiveCfg = Debug|Any CPU
		{887FCE5E-0176-4EA3-A6E7-6B3128949F38}.Debug|Any CPU.Build.0 = Debug|Any CPU
		{887FCE5E-0176-4EA3-A6E7-6B3128949F38}.Release|Any CPU.ActiveCfg = Release|Any CPU
		{887FCE5E-0176-4EA3-A6E7-6B3128949F38}.Release|Any CPU.Build.0 = Release|Any CPU
		{40999001-EB29-4C2A-8DF8-AE0B3C4C4560}.Debug|Any CPU.ActiveCfg = Debug|Any CPU
		{40999001-EB29-4C2A-8DF8-AE0B3C4C4560}.Debug|Any CPU.Build.0 = Debug|Any CPU
		{40999001-EB29-4C2A-8DF8-AE0B3C4C4560}.Release|Any CPU.ActiveCfg = Release|Any CPU
		{40999001-EB29-4C2A-8DF8-AE0B3C4C4560}.Release|Any CPU.Build.0 = Release|Any CPU
	EndGlobalSection
	GlobalSection(SolutionProperties) = preSolution
		HideSolutionNode = FALSE
	EndGlobalSection
	GlobalSection(NestedProjects) = preSolution
		{B2647F45-0B36-420B-909E-699059193FAD} = {23DA426A-B2C4-4D0B-A38C-9F5E842808D1}
		{887FCE5E-0176-4EA3-A6E7-6B3128949F38} = {23DA426A-B2C4-4D0B-A38C-9F5E842808D1}
		{40999001-EB29-4C2A-8DF8-AE0B3C4C4560} = {23DA426A-B2C4-4D0B-A38C-9F5E842808D1}
	EndGlobalSection
	GlobalSection(ExtensibilityGlobals) = postSolution
		SolutionGuid = {95EC1704-1496-418B-91EA-426968391608}
	EndGlobalSection
EndGlobal
