
Microsoft Visual Studio Solution File, Format Version 12.00
# Visual Studio Version 17
VisualStudioVersion = 17.7.34221.43
MinimumVisualStudioVersion = 10.0.40219.1
Project("{FAE04EC0-301F-11D3-BF4B-00C04F79EFBC}") = "OpenGLRenderer", "OpenGLRenderer.csproj", "{B83945F5-15E7-48E3-A98A-5BF62DBF06AF}"
EndProject
Global
	GlobalSection(SolutionConfigurationPlatforms) = preSolution
		Debug|Any CPU = Debug|Any CPU
		Release|Any CPU = Release|Any CPU
	EndGlobalSection
	GlobalSection(ProjectConfigurationPlatforms) = postSolution
		{B83945F5-15E7-48E3-A98A-5BF62DBF06AF}.Debug|Any CPU.ActiveCfg = Debug|Any CPU
		{B83945F5-15E7-48E3-A98A-5BF62DBF06AF}.Debug|Any CPU.Build.0 = Debug|Any CPU
		{B83945F5-15E7-48E3-A98A-5BF62DBF06AF}.Release|Any CPU.ActiveCfg = Release|Any CPU
		{B83945F5-15E7-48E3-A98A-5BF62DBF06AF}.Release|Any CPU.Build.0 = Release|Any CPU
	EndGlobalSection
	GlobalSection(SolutionProperties) = preSolution
		HideSolutionNode = FALSE
	EndGlobalSection
	GlobalSection(ExtensibilityGlobals) = postSolution
		SolutionGuid = {CE6EA877-0D3D-4B8A-A377-36F0473D5B98}
	EndGlobalSection
EndGlobal
